// !$*UTF8*$!
{
	archiveVersion = 1;
	classes = {
	};
	objectVersion = 46;
	objects = {

/* Begin PBXBuildFile section */
		46E286941DD3108600494188 /* NSString+AFAdd.m in Sources */ = {isa = PBXBuildFile; fileRef = 46E286931DD3108600494188 /* NSString+AFAdd.m */; };
		46E2869A1DD313FC00494188 /* NSNumber+AFAdd.m in Sources */ = {isa = PBXBuildFile; fileRef = 46E286991DD313FC00494188 /* NSNumber+AFAdd.m */; };
		46E2869D1DD3141600494188 /* NSObject+AFAdd.m in Sources */ = {isa = PBXBuildFile; fileRef = 46E2869C1DD3141600494188 /* NSObject+AFAdd.m */; };
		46E286A01DD3143100494188 /* NSData+AFAdd.m in Sources */ = {isa = PBXBuildFile; fileRef = 46E2869F1DD3143100494188 /* NSData+AFAdd.m */; };
		46E286A31DD3144500494188 /* NSArray+AFAdd.m in Sources */ = {isa = PBXBuildFile; fileRef = 46E286A21DD3144500494188 /* NSArray+AFAdd.m */; };
		46E286A61DD3145C00494188 /* NSDictionary+AFAdd.m in Sources */ = {isa = PBXBuildFile; fileRef = 46E286A51DD3145C00494188 /* NSDictionary+AFAdd.m */; };
		46E286A91DD3147200494188 /* NSDate+AFAdd.m in Sources */ = {isa = PBXBuildFile; fileRef = 46E286A81DD3147200494188 /* NSDate+AFAdd.m */; };
		46E286AC1DD3149500494188 /* NSNotificationCenter+AFAdd.m in Sources */ = {isa = PBXBuildFile; fileRef = 46E286AB1DD3149500494188 /* NSNotificationCenter+AFAdd.m */; };
		46E286AF1DD314AA00494188 /* NSTimer+AFAdd.m in Sources */ = {isa = PBXBuildFile; fileRef = 46E286AE1DD314AA00494188 /* NSTimer+AFAdd.m */; };
		46E286B21DD31B9500494188 /* NSString+Input.m in Sources */ = {isa = PBXBuildFile; fileRef = 46E286B11DD31B9500494188 /* NSString+Input.m */; };
		46E286B51DD3265C00494188 /* UIColor+AFAdd.m in Sources */ = {isa = PBXBuildFile; fileRef = 46E286B41DD3265C00494188 /* UIColor+AFAdd.m */; };
		46E286B81DD3267700494188 /* UIImage+AFAdd.m in Sources */ = {isa = PBXBuildFile; fileRef = 46E286B71DD3267700494188 /* UIImage+AFAdd.m */; };
		46E286BB1DD3268600494188 /* UIControl+AFAdd.m in Sources */ = {isa = PBXBuildFile; fileRef = 46E286BA1DD3268600494188 /* UIControl+AFAdd.m */; };
		46E286BE1DD326C200494188 /* UIView+AFAdd.m in Sources */ = {isa = PBXBuildFile; fileRef = 46E286BD1DD326C200494188 /* UIView+AFAdd.m */; };
		46E286C11DD326DA00494188 /* UIScrollView+AFAdd.m in Sources */ = {isa = PBXBuildFile; fileRef = 46E286C01DD326DA00494188 /* UIScrollView+AFAdd.m */; };
		46E286C41DD326EE00494188 /* UITableView+AFAdd.m in Sources */ = {isa = PBXBuildFile; fileRef = 46E286C31DD326EE00494188 /* UITableView+AFAdd.m */; };
		46E286C71DD3271500494188 /* UITextField+AFAdd.m in Sources */ = {isa = PBXBuildFile; fileRef = 46E286C61DD3271500494188 /* UITextField+AFAdd.m */; };
		46E286CA1DD3272B00494188 /* UIScreen+AFAdd.m in Sources */ = {isa = PBXBuildFile; fileRef = 46E286C91DD3272B00494188 /* UIScreen+AFAdd.m */; };
		46E286CD1DD3274700494188 /* UIDevice+AFAdd.m in Sources */ = {isa = PBXBuildFile; fileRef = 46E286CC1DD3274700494188 /* UIDevice+AFAdd.m */; };
		46E286D01DD3275C00494188 /* UIApplication+AFAdd.m in Sources */ = {isa = PBXBuildFile; fileRef = 46E286CF1DD3275C00494188 /* UIApplication+AFAdd.m */; };
		46E286D31DD3277300494188 /* UIFont+AFAdd.m in Sources */ = {isa = PBXBuildFile; fileRef = 46E286D21DD3277300494188 /* UIFont+AFAdd.m */; };
		46E286D61DD3278600494188 /* UIBezierPath+AFAdd.m in Sources */ = {isa = PBXBuildFile; fileRef = 46E286D51DD3278600494188 /* UIBezierPath+AFAdd.m */; };
		46E286D91DD327A700494188 /* UIGestureRecognizer+AFAdd.m in Sources */ = {isa = PBXBuildFile; fileRef = 46E286D81DD327A700494188 /* UIGestureRecognizer+AFAdd.m */; };
		5742F2961DD21CCF006583E0 /* main.m in Sources */ = {isa = PBXBuildFile; fileRef = 5742F2951DD21CCF006583E0 /* main.m */; };
		5742F2991DD21CCF006583E0 /* AppDelegate.m in Sources */ = {isa = PBXBuildFile; fileRef = 5742F2981DD21CCF006583E0 /* AppDelegate.m */; };
		5742F29C1DD21CCF006583E0 /* ViewController.m in Sources */ = {isa = PBXBuildFile; fileRef = 5742F29B1DD21CCF006583E0 /* ViewController.m */; };
		5742F29F1DD21CCF006583E0 /* Main.storyboard in Resources */ = {isa = PBXBuildFile; fileRef = 5742F29D1DD21CCF006583E0 /* Main.storyboard */; };
		5742F2A11DD21CCF006583E0 /* Assets.xcassets in Resources */ = {isa = PBXBuildFile; fileRef = 5742F2A01DD21CCF006583E0 /* Assets.xcassets */; };
		5742F2A41DD21CCF006583E0 /* LaunchScreen.storyboard in Resources */ = {isa = PBXBuildFile; fileRef = 5742F2A21DD21CCF006583E0 /* LaunchScreen.storyboard */; };
		5742F2AF1DD21CCF006583E0 /* AFKitDemoTests.m in Sources */ = {isa = PBXBuildFile; fileRef = 5742F2AE1DD21CCF006583E0 /* AFKitDemoTests.m */; };
		5742F2BA1DD21CCF006583E0 /* AFKitDemoUITests.m in Sources */ = {isa = PBXBuildFile; fileRef = 5742F2B91DD21CCF006583E0 /* AFKitDemoUITests.m */; };
/* End PBXBuildFile section */

/* Begin PBXContainerItemProxy section */
		5742F2AB1DD21CCF006583E0 /* PBXContainerItemProxy */ = {
			isa = PBXContainerItemProxy;
			containerPortal = 5742F2891DD21CCF006583E0 /* Project object */;
			proxyType = 1;
			remoteGlobalIDString = 5742F2901DD21CCF006583E0;
			remoteInfo = AFKitDemo;
		};
		5742F2B61DD21CCF006583E0 /* PBXContainerItemProxy */ = {
			isa = PBXContainerItemProxy;
			containerPortal = 5742F2891DD21CCF006583E0 /* Project object */;
			proxyType = 1;
			remoteGlobalIDString = 5742F2901DD21CCF006583E0;
			remoteInfo = AFKitDemo;
		};
/* End PBXContainerItemProxy section */

/* Begin PBXFileReference section */
		46E286911DD30CC900494188 /* AFKitMacro.h */ = {isa = PBXFileReference; lastKnownFileType = sourcecode.c.h; path = AFKitMacro.h; sourceTree = "<group>"; };
		46E286921DD3108600494188 /* NSString+AFAdd.h */ = {isa = PBXFileReference; fileEncoding = 4; lastKnownFileType = sourcecode.c.h; name = "NSString+AFAdd.h"; path = "AFKitDemo/kit/Base/NSString+AFAdd.h"; sourceTree = SOURCE_ROOT; };
		46E286931DD3108600494188 /* NSString+AFAdd.m */ = {isa = PBXFileReference; fileEncoding = 4; lastKnownFileType = sourcecode.c.objc; name = "NSString+AFAdd.m"; path = "AFKitDemo/kit/Base/NSString+AFAdd.m"; sourceTree = SOURCE_ROOT; };
		46E286981DD313FC00494188 /* NSNumber+AFAdd.h */ = {isa = PBXFileReference; fileEncoding = 4; lastKnownFileType = sourcecode.c.h; name = "NSNumber+AFAdd.h"; path = "AFKitDemo/kit/Base/NSNumber+AFAdd.h"; sourceTree = SOURCE_ROOT; };
		46E286991DD313FC00494188 /* NSNumber+AFAdd.m */ = {isa = PBXFileReference; fileEncoding = 4; lastKnownFileType = sourcecode.c.objc; name = "NSNumber+AFAdd.m"; path = "AFKitDemo/kit/Base/NSNumber+AFAdd.m"; sourceTree = SOURCE_ROOT; };
		46E2869B1DD3141600494188 /* NSObject+AFAdd.h */ = {isa = PBXFileReference; fileEncoding = 4; lastKnownFileType = sourcecode.c.h; name = "NSObject+AFAdd.h"; path = "AFKitDemo/kit/Base/NSObject+AFAdd.h"; sourceTree = SOURCE_ROOT; };
		46E2869C1DD3141600494188 /* NSObject+AFAdd.m */ = {isa = PBXFileReference; fileEncoding = 4; lastKnownFileType = sourcecode.c.objc; name = "NSObject+AFAdd.m"; path = "AFKitDemo/kit/Base/NSObject+AFAdd.m"; sourceTree = SOURCE_ROOT; };
		46E2869E1DD3143100494188 /* NSData+AFAdd.h */ = {isa = PBXFileReference; fileEncoding = 4; lastKnownFileType = sourcecode.c.h; name = "NSData+AFAdd.h"; path = "AFKitDemo/kit/Base/NSData+AFAdd.h"; sourceTree = SOURCE_ROOT; };
		46E2869F1DD3143100494188 /* NSData+AFAdd.m */ = {isa = PBXFileReference; fileEncoding = 4; lastKnownFileType = sourcecode.c.objc; name = "NSData+AFAdd.m"; path = "AFKitDemo/kit/Base/NSData+AFAdd.m"; sourceTree = SOURCE_ROOT; };
		46E286A11DD3144500494188 /* NSArray+AFAdd.h */ = {isa = PBXFileReference; fileEncoding = 4; lastKnownFileType = sourcecode.c.h; name = "NSArray+AFAdd.h"; path = "AFKitDemo/kit/Base/NSArray+AFAdd.h"; sourceTree = SOURCE_ROOT; };
		46E286A21DD3144500494188 /* NSArray+AFAdd.m */ = {isa = PBXFileReference; fileEncoding = 4; lastKnownFileType = sourcecode.c.objc; name = "NSArray+AFAdd.m"; path = "AFKitDemo/kit/Base/NSArray+AFAdd.m"; sourceTree = SOURCE_ROOT; };
		46E286A41DD3145C00494188 /* NSDictionary+AFAdd.h */ = {isa = PBXFileReference; fileEncoding = 4; lastKnownFileType = sourcecode.c.h; name = "NSDictionary+AFAdd.h"; path = "AFKitDemo/kit/Base/NSDictionary+AFAdd.h"; sourceTree = SOURCE_ROOT; };
		46E286A51DD3145C00494188 /* NSDictionary+AFAdd.m */ = {isa = PBXFileReference; fileEncoding = 4; lastKnownFileType = sourcecode.c.objc; name = "NSDictionary+AFAdd.m"; path = "AFKitDemo/kit/Base/NSDictionary+AFAdd.m"; sourceTree = SOURCE_ROOT; };
		46E286A71DD3147200494188 /* NSDate+AFAdd.h */ = {isa = PBXFileReference; fileEncoding = 4; lastKnownFileType = sourcecode.c.h; name = "NSDate+AFAdd.h"; path = "AFKitDemo/kit/Base/NSDate+AFAdd.h"; sourceTree = SOURCE_ROOT; };
		46E286A81DD3147200494188 /* NSDate+AFAdd.m */ = {isa = PBXFileReference; fileEncoding = 4; lastKnownFileType = sourcecode.c.objc; name = "NSDate+AFAdd.m"; path = "AFKitDemo/kit/Base/NSDate+AFAdd.m"; sourceTree = SOURCE_ROOT; };
		46E286AA1DD3149500494188 /* NSNotificationCenter+AFAdd.h */ = {isa = PBXFileReference; fileEncoding = 4; lastKnownFileType = sourcecode.c.h; name = "NSNotificationCenter+AFAdd.h"; path = "AFKitDemo/kit/Base/NSNotificationCenter+AFAdd.h"; sourceTree = SOURCE_ROOT; };
		46E286AB1DD3149500494188 /* NSNotificationCenter+AFAdd.m */ = {isa = PBXFileReference; fileEncoding = 4; lastKnownFileType = sourcecode.c.objc; name = "NSNotificationCenter+AFAdd.m"; path = "AFKitDemo/kit/Base/NSNotificationCenter+AFAdd.m"; sourceTree = SOURCE_ROOT; };
		46E286AD1DD314AA00494188 /* NSTimer+AFAdd.h */ = {isa = PBXFileReference; fileEncoding = 4; lastKnownFileType = sourcecode.c.h; name = "NSTimer+AFAdd.h"; path = "AFKitDemo/kit/Base/NSTimer+AFAdd.h"; sourceTree = SOURCE_ROOT; };
		46E286AE1DD314AA00494188 /* NSTimer+AFAdd.m */ = {isa = PBXFileReference; fileEncoding = 4; lastKnownFileType = sourcecode.c.objc; name = "NSTimer+AFAdd.m"; path = "AFKitDemo/kit/Base/NSTimer+AFAdd.m"; sourceTree = SOURCE_ROOT; };
		46E286B01DD31B9500494188 /* NSString+Input.h */ = {isa = PBXFileReference; fileEncoding = 4; lastKnownFileType = sourcecode.c.h; name = "NSString+Input.h"; path = "AFKitDemo/kit/Base/NSString+Input.h"; sourceTree = SOURCE_ROOT; };
		46E286B11DD31B9500494188 /* NSString+Input.m */ = {isa = PBXFileReference; fileEncoding = 4; lastKnownFileType = sourcecode.c.objc; name = "NSString+Input.m"; path = "AFKitDemo/kit/Base/NSString+Input.m"; sourceTree = SOURCE_ROOT; };
		46E286B31DD3265C00494188 /* UIColor+AFAdd.h */ = {isa = PBXFileReference; fileEncoding = 4; lastKnownFileType = sourcecode.c.h; name = "UIColor+AFAdd.h"; path = "AFKitDemo/kit/Base/UIColor+AFAdd.h"; sourceTree = SOURCE_ROOT; };
		46E286B41DD3265C00494188 /* UIColor+AFAdd.m */ = {isa = PBXFileReference; fileEncoding = 4; lastKnownFileType = sourcecode.c.objc; name = "UIColor+AFAdd.m"; path = "AFKitDemo/kit/Base/UIColor+AFAdd.m"; sourceTree = SOURCE_ROOT; };
		46E286B61DD3267700494188 /* UIImage+AFAdd.h */ = {isa = PBXFileReference; fileEncoding = 4; lastKnownFileType = sourcecode.c.h; name = "UIImage+AFAdd.h"; path = "AFKitDemo/kit/Base/UIImage+AFAdd.h"; sourceTree = SOURCE_ROOT; };
		46E286B71DD3267700494188 /* UIImage+AFAdd.m */ = {isa = PBXFileReference; fileEncoding = 4; lastKnownFileType = sourcecode.c.objc; name = "UIImage+AFAdd.m"; path = "AFKitDemo/kit/Base/UIImage+AFAdd.m"; sourceTree = SOURCE_ROOT; };
		46E286B91DD3268600494188 /* UIControl+AFAdd.h */ = {isa = PBXFileReference; fileEncoding = 4; lastKnownFileType = sourcecode.c.h; name = "UIControl+AFAdd.h"; path = "AFKitDemo/kit/Base/UIControl+AFAdd.h"; sourceTree = SOURCE_ROOT; };
		46E286BA1DD3268600494188 /* UIControl+AFAdd.m */ = {isa = PBXFileReference; fileEncoding = 4; lastKnownFileType = sourcecode.c.objc; name = "UIControl+AFAdd.m"; path = "AFKitDemo/kit/Base/UIControl+AFAdd.m"; sourceTree = SOURCE_ROOT; };
		46E286BC1DD326C200494188 /* UIView+AFAdd.h */ = {isa = PBXFileReference; fileEncoding = 4; lastKnownFileType = sourcecode.c.h; name = "UIView+AFAdd.h"; path = "AFKitDemo/kit/Base/UIView+AFAdd.h"; sourceTree = SOURCE_ROOT; };
		46E286BD1DD326C200494188 /* UIView+AFAdd.m */ = {isa = PBXFileReference; fileEncoding = 4; lastKnownFileType = sourcecode.c.objc; name = "UIView+AFAdd.m"; path = "AFKitDemo/kit/Base/UIView+AFAdd.m"; sourceTree = SOURCE_ROOT; };
		46E286BF1DD326DA00494188 /* UIScrollView+AFAdd.h */ = {isa = PBXFileReference; fileEncoding = 4; lastKnownFileType = sourcecode.c.h; name = "UIScrollView+AFAdd.h"; path = "AFKitDemo/kit/Base/UIScrollView+AFAdd.h"; sourceTree = SOURCE_ROOT; };
		46E286C01DD326DA00494188 /* UIScrollView+AFAdd.m */ = {isa = PBXFileReference; fileEncoding = 4; lastKnownFileType = sourcecode.c.objc; name = "UIScrollView+AFAdd.m"; path = "AFKitDemo/kit/Base/UIScrollView+AFAdd.m"; sourceTree = SOURCE_ROOT; };
		46E286C21DD326EE00494188 /* UITableView+AFAdd.h */ = {isa = PBXFileReference; fileEncoding = 4; lastKnownFileType = sourcecode.c.h; name = "UITableView+AFAdd.h"; path = "AFKitDemo/kit/Base/UITableView+AFAdd.h"; sourceTree = SOURCE_ROOT; };
		46E286C31DD326EE00494188 /* UITableView+AFAdd.m */ = {isa = PBXFileReference; fileEncoding = 4; lastKnownFileType = sourcecode.c.objc; name = "UITableView+AFAdd.m"; path = "AFKitDemo/kit/Base/UITableView+AFAdd.m"; sourceTree = SOURCE_ROOT; };
		46E286C51DD3271500494188 /* UITextField+AFAdd.h */ = {isa = PBXFileReference; fileEncoding = 4; lastKnownFileType = sourcecode.c.h; name = "UITextField+AFAdd.h"; path = "AFKitDemo/kit/Base/UITextField+AFAdd.h"; sourceTree = SOURCE_ROOT; };
		46E286C61DD3271500494188 /* UITextField+AFAdd.m */ = {isa = PBXFileReference; fileEncoding = 4; lastKnownFileType = sourcecode.c.objc; name = "UITextField+AFAdd.m"; path = "AFKitDemo/kit/Base/UITextField+AFAdd.m"; sourceTree = SOURCE_ROOT; };
		46E286C81DD3272B00494188 /* UIScreen+AFAdd.h */ = {isa = PBXFileReference; fileEncoding = 4; lastKnownFileType = sourcecode.c.h; name = "UIScreen+AFAdd.h"; path = "AFKitDemo/kit/Base/UIScreen+AFAdd.h"; sourceTree = SOURCE_ROOT; };
		46E286C91DD3272B00494188 /* UIScreen+AFAdd.m */ = {isa = PBXFileReference; fileEncoding = 4; lastKnownFileType = sourcecode.c.objc; name = "UIScreen+AFAdd.m"; path = "AFKitDemo/kit/Base/UIScreen+AFAdd.m"; sourceTree = SOURCE_ROOT; };
		46E286CB1DD3274700494188 /* UIDevice+AFAdd.h */ = {isa = PBXFileReference; fileEncoding = 4; lastKnownFileType = sourcecode.c.h; name = "UIDevice+AFAdd.h"; path = "AFKitDemo/kit/Base/UIDevice+AFAdd.h"; sourceTree = SOURCE_ROOT; };
		46E286CC1DD3274700494188 /* UIDevice+AFAdd.m */ = {isa = PBXFileReference; fileEncoding = 4; lastKnownFileType = sourcecode.c.objc; name = "UIDevice+AFAdd.m"; path = "AFKitDemo/kit/Base/UIDevice+AFAdd.m"; sourceTree = SOURCE_ROOT; };
		46E286CE1DD3275C00494188 /* UIApplication+AFAdd.h */ = {isa = PBXFileReference; fileEncoding = 4; lastKnownFileType = sourcecode.c.h; name = "UIApplication+AFAdd.h"; path = "AFKitDemo/kit/Base/UIApplication+AFAdd.h"; sourceTree = SOURCE_ROOT; };
		46E286CF1DD3275C00494188 /* UIApplication+AFAdd.m */ = {isa = PBXFileReference; fileEncoding = 4; lastKnownFileType = sourcecode.c.objc; name = "UIApplication+AFAdd.m"; path = "AFKitDemo/kit/Base/UIApplication+AFAdd.m"; sourceTree = SOURCE_ROOT; };
		46E286D11DD3277300494188 /* UIFont+AFAdd.h */ = {isa = PBXFileReference; fileEncoding = 4; lastKnownFileType = sourcecode.c.h; name = "UIFont+AFAdd.h"; path = "AFKitDemo/kit/Base/UIFont+AFAdd.h"; sourceTree = SOURCE_ROOT; };
		46E286D21DD3277300494188 /* UIFont+AFAdd.m */ = {isa = PBXFileReference; fileEncoding = 4; lastKnownFileType = sourcecode.c.objc; name = "UIFont+AFAdd.m"; path = "AFKitDemo/kit/Base/UIFont+AFAdd.m"; sourceTree = SOURCE_ROOT; };
		46E286D41DD3278600494188 /* UIBezierPath+AFAdd.h */ = {isa = PBXFileReference; fileEncoding = 4; lastKnownFileType = sourcecode.c.h; name = "UIBezierPath+AFAdd.h"; path = "AFKitDemo/kit/Base/UIBezierPath+AFAdd.h"; sourceTree = SOURCE_ROOT; };
		46E286D51DD3278600494188 /* UIBezierPath+AFAdd.m */ = {isa = PBXFileReference; fileEncoding = 4; lastKnownFileType = sourcecode.c.objc; name = "UIBezierPath+AFAdd.m"; path = "AFKitDemo/kit/Base/UIBezierPath+AFAdd.m"; sourceTree = SOURCE_ROOT; };
		46E286D71DD327A700494188 /* UIGestureRecognizer+AFAdd.h */ = {isa = PBXFileReference; fileEncoding = 4; lastKnownFileType = sourcecode.c.h; name = "UIGestureRecognizer+AFAdd.h"; path = "AFKitDemo/kit/Base/UIGestureRecognizer+AFAdd.h"; sourceTree = SOURCE_ROOT; };
		46E286D81DD327A700494188 /* UIGestureRecognizer+AFAdd.m */ = {isa = PBXFileReference; fileEncoding = 4; lastKnownFileType = sourcecode.c.objc; name = "UIGestureRecognizer+AFAdd.m"; path = "AFKitDemo/kit/Base/UIGestureRecognizer+AFAdd.m"; sourceTree = SOURCE_ROOT; };
		5742F2911DD21CCF006583E0 /* AFKitDemo.app */ = {isa = PBXFileReference; explicitFileType = wrapper.application; includeInIndex = 0; path = AFKitDemo.app; sourceTree = BUILT_PRODUCTS_DIR; };
		5742F2951DD21CCF006583E0 /* main.m */ = {isa = PBXFileReference; lastKnownFileType = sourcecode.c.objc; path = main.m; sourceTree = "<group>"; };
		5742F2971DD21CCF006583E0 /* AppDelegate.h */ = {isa = PBXFileReference; lastKnownFileType = sourcecode.c.h; path = AppDelegate.h; sourceTree = "<group>"; };
		5742F2981DD21CCF006583E0 /* AppDelegate.m */ = {isa = PBXFileReference; lastKnownFileType = sourcecode.c.objc; path = AppDelegate.m; sourceTree = "<group>"; };
		5742F29A1DD21CCF006583E0 /* ViewController.h */ = {isa = PBXFileReference; lastKnownFileType = sourcecode.c.h; path = ViewController.h; sourceTree = "<group>"; };
		5742F29B1DD21CCF006583E0 /* ViewController.m */ = {isa = PBXFileReference; lastKnownFileType = sourcecode.c.objc; path = ViewController.m; sourceTree = "<group>"; };
		5742F29E1DD21CCF006583E0 /* Base */ = {isa = PBXFileReference; lastKnownFileType = file.storyboard; name = Base; path = Base.lproj/Main.storyboard; sourceTree = "<group>"; };
		5742F2A01DD21CCF006583E0 /* Assets.xcassets */ = {isa = PBXFileReference; lastKnownFileType = folder.assetcatalog; path = Assets.xcassets; sourceTree = "<group>"; };
		5742F2A31DD21CCF006583E0 /* Base */ = {isa = PBXFileReference; lastKnownFileType = file.storyboard; name = Base; path = Base.lproj/LaunchScreen.storyboard; sourceTree = "<group>"; };
		5742F2A51DD21CCF006583E0 /* Info.plist */ = {isa = PBXFileReference; lastKnownFileType = text.plist.xml; path = Info.plist; sourceTree = "<group>"; };
		5742F2AA1DD21CCF006583E0 /* AFKitDemoTests.xctest */ = {isa = PBXFileReference; explicitFileType = wrapper.cfbundle; includeInIndex = 0; path = AFKitDemoTests.xctest; sourceTree = BUILT_PRODUCTS_DIR; };
		5742F2AE1DD21CCF006583E0 /* AFKitDemoTests.m */ = {isa = PBXFileReference; lastKnownFileType = sourcecode.c.objc; path = AFKitDemoTests.m; sourceTree = "<group>"; };
		5742F2B01DD21CCF006583E0 /* Info.plist */ = {isa = PBXFileReference; lastKnownFileType = text.plist.xml; path = Info.plist; sourceTree = "<group>"; };
		5742F2B51DD21CCF006583E0 /* AFKitDemoUITests.xctest */ = {isa = PBXFileReference; explicitFileType = wrapper.cfbundle; includeInIndex = 0; path = AFKitDemoUITests.xctest; sourceTree = BUILT_PRODUCTS_DIR; };
		5742F2B91DD21CCF006583E0 /* AFKitDemoUITests.m */ = {isa = PBXFileReference; lastKnownFileType = sourcecode.c.objc; path = AFKitDemoUITests.m; sourceTree = "<group>"; };
		5742F2BB1DD21CCF006583E0 /* Info.plist */ = {isa = PBXFileReference; lastKnownFileType = text.plist.xml; path = Info.plist; sourceTree = "<group>"; };
/* End PBXFileReference section */

/* Begin PBXFrameworksBuildPhase section */
		5742F28E1DD21CCF006583E0 /* Frameworks */ = {
			isa = PBXFrameworksBuildPhase;
			buildActionMask = 2147483647;
			files = (
			);
			runOnlyForDeploymentPostprocessing = 0;
		};
		5742F2A71DD21CCF006583E0 /* Frameworks */ = {
			isa = PBXFrameworksBuildPhase;
			buildActionMask = 2147483647;
			files = (
			);
			runOnlyForDeploymentPostprocessing = 0;
		};
		5742F2B21DD21CCF006583E0 /* Frameworks */ = {
			isa = PBXFrameworksBuildPhase;
			buildActionMask = 2147483647;
			files = (
			);
			runOnlyForDeploymentPostprocessing = 0;
		};
/* End PBXFrameworksBuildPhase section */

/* Begin PBXGroup section */
		5742F2881DD21CCF006583E0 = {
			isa = PBXGroup;
			children = (
				5742F2C71DD21D27006583E0 /* kit */,
				5742F2931DD21CCF006583E0 /* AFKitDemo */,
				5742F2AD1DD21CCF006583E0 /* AFKitDemoTests */,
				5742F2B81DD21CCF006583E0 /* AFKitDemoUITests */,
				5742F2921DD21CCF006583E0 /* Products */,
			);
			sourceTree = "<group>";
		};
		5742F2921DD21CCF006583E0 /* Products */ = {
			isa = PBXGroup;
			children = (
				5742F2911DD21CCF006583E0 /* AFKitDemo.app */,
				5742F2AA1DD21CCF006583E0 /* AFKitDemoTests.xctest */,
				5742F2B51DD21CCF006583E0 /* AFKitDemoUITests.xctest */,
			);
			name = Products;
			sourceTree = "<group>";
		};
		5742F2931DD21CCF006583E0 /* AFKitDemo */ = {
			isa = PBXGroup;
			children = (
				5742F2971DD21CCF006583E0 /* AppDelegate.h */,
				5742F2981DD21CCF006583E0 /* AppDelegate.m */,
				5742F29A1DD21CCF006583E0 /* ViewController.h */,
				5742F29B1DD21CCF006583E0 /* ViewController.m */,
				5742F29D1DD21CCF006583E0 /* Main.storyboard */,
				5742F2A01DD21CCF006583E0 /* Assets.xcassets */,
				5742F2A21DD21CCF006583E0 /* LaunchScreen.storyboard */,
				5742F2A51DD21CCF006583E0 /* Info.plist */,
				5742F2941DD21CCF006583E0 /* Supporting Files */,
			);
			path = AFKitDemo;
			sourceTree = "<group>";
		};
		5742F2941DD21CCF006583E0 /* Supporting Files */ = {
			isa = PBXGroup;
			children = (
				5742F2951DD21CCF006583E0 /* main.m */,
			);
			name = "Supporting Files";
			sourceTree = "<group>";
		};
		5742F2AD1DD21CCF006583E0 /* AFKitDemoTests */ = {
			isa = PBXGroup;
			children = (
				5742F2AE1DD21CCF006583E0 /* AFKitDemoTests.m */,
				5742F2B01DD21CCF006583E0 /* Info.plist */,
			);
			path = AFKitDemoTests;
			sourceTree = "<group>";
		};
		5742F2B81DD21CCF006583E0 /* AFKitDemoUITests */ = {
			isa = PBXGroup;
			children = (
				5742F2B91DD21CCF006583E0 /* AFKitDemoUITests.m */,
				5742F2BB1DD21CCF006583E0 /* Info.plist */,
			);
			path = AFKitDemoUITests;
			sourceTree = "<group>";
		};
		5742F2C71DD21D27006583E0 /* kit */ = {
			isa = PBXGroup;
			children = (
				5742F2C81DD21D27006583E0 /* Base */,
			);
			name = kit;
			path = AFKitDemo/kit;
			sourceTree = "<group>";
		};
		5742F2C81DD21D27006583E0 /* Base */ = {
			isa = PBXGroup;
			children = (
				46E286911DD30CC900494188 /* AFKitMacro.h */,
				5742F2C91DD21D27006583E0 /* Foundation */,
				5742F2CA1DD21D27006583E0 /* Quartz */,
				5742F2CB1DD21D27006583E0 /* UIKit */,
			);
			path = Base;
			sourceTree = "<group>";
		};
		5742F2C91DD21D27006583E0 /* Foundation */ = {
			isa = PBXGroup;
			children = (
				46E2869B1DD3141600494188 /* NSObject+AFAdd.h */,
				46E2869C1DD3141600494188 /* NSObject+AFAdd.m */,
				46E286921DD3108600494188 /* NSString+AFAdd.h */,
				46E286931DD3108600494188 /* NSString+AFAdd.m */,
				46E286B01DD31B9500494188 /* NSString+Input.h */,
				46E286B11DD31B9500494188 /* NSString+Input.m */,
				46E286981DD313FC00494188 /* NSNumber+AFAdd.h */,
				46E286991DD313FC00494188 /* NSNumber+AFAdd.m */,
				46E2869E1DD3143100494188 /* NSData+AFAdd.h */,
				46E2869F1DD3143100494188 /* NSData+AFAdd.m */,
				46E286A11DD3144500494188 /* NSArray+AFAdd.h */,
				46E286A21DD3144500494188 /* NSArray+AFAdd.m */,
				46E286A41DD3145C00494188 /* NSDictionary+AFAdd.h */,
				46E286A51DD3145C00494188 /* NSDictionary+AFAdd.m */,
				46E286A71DD3147200494188 /* NSDate+AFAdd.h */,
				46E286A81DD3147200494188 /* NSDate+AFAdd.m */,
				46E286AA1DD3149500494188 /* NSNotificationCenter+AFAdd.h */,
				46E286AB1DD3149500494188 /* NSNotificationCenter+AFAdd.m */,
				46E286AD1DD314AA00494188 /* NSTimer+AFAdd.h */,
				46E286AE1DD314AA00494188 /* NSTimer+AFAdd.m */,
			);
			path = Foundation;
			sourceTree = "<group>";
		};
		5742F2CA1DD21D27006583E0 /* Quartz */ = {
			isa = PBXGroup;
			children = (
			);
			path = Quartz;
			sourceTree = "<group>";
		};
		5742F2CB1DD21D27006583E0 /* UIKit */ = {
			isa = PBXGroup;
			children = (
				46E286B31DD3265C00494188 /* UIColor+AFAdd.h */,
				46E286B41DD3265C00494188 /* UIColor+AFAdd.m */,
				46E286B61DD3267700494188 /* UIImage+AFAdd.h */,
				46E286B71DD3267700494188 /* UIImage+AFAdd.m */,
				46E286B91DD3268600494188 /* UIControl+AFAdd.h */,
				46E286BA1DD3268600494188 /* UIControl+AFAdd.m */,
				46E286BC1DD326C200494188 /* UIView+AFAdd.h */,
				46E286BD1DD326C200494188 /* UIView+AFAdd.m */,
				46E286BF1DD326DA00494188 /* UIScrollView+AFAdd.h */,
				46E286C01DD326DA00494188 /* UIScrollView+AFAdd.m */,
				46E286C21DD326EE00494188 /* UITableView+AFAdd.h */,
				46E286C31DD326EE00494188 /* UITableView+AFAdd.m */,
				46E286C51DD3271500494188 /* UITextField+AFAdd.h */,
				46E286C61DD3271500494188 /* UITextField+AFAdd.m */,
				46E286C81DD3272B00494188 /* UIScreen+AFAdd.h */,
				46E286C91DD3272B00494188 /* UIScreen+AFAdd.m */,
				46E286CB1DD3274700494188 /* UIDevice+AFAdd.h */,
				46E286CC1DD3274700494188 /* UIDevice+AFAdd.m */,
				46E286CE1DD3275C00494188 /* UIApplication+AFAdd.h */,
				46E286CF1DD3275C00494188 /* UIApplication+AFAdd.m */,
				46E286D11DD3277300494188 /* UIFont+AFAdd.h */,
				46E286D21DD3277300494188 /* UIFont+AFAdd.m */,
				46E286D41DD3278600494188 /* UIBezierPath+AFAdd.h */,
				46E286D51DD3278600494188 /* UIBezierPath+AFAdd.m */,
				46E286D71DD327A700494188 /* UIGestureRecognizer+AFAdd.h */,
				46E286D81DD327A700494188 /* UIGestureRecognizer+AFAdd.m */,
			);
			path = UIKit;
			sourceTree = "<group>";
		};
/* End PBXGroup section */

/* Begin PBXNativeTarget section */
		5742F2901DD21CCF006583E0 /* AFKitDemo */ = {
			isa = PBXNativeTarget;
			buildConfigurationList = 5742F2BE1DD21CCF006583E0 /* Build configuration list for PBXNativeTarget "AFKitDemo" */;
			buildPhases = (
				5742F28D1DD21CCF006583E0 /* Sources */,
				5742F28E1DD21CCF006583E0 /* Frameworks */,
				5742F28F1DD21CCF006583E0 /* Resources */,
			);
			buildRules = (
			);
			dependencies = (
			);
			name = AFKitDemo;
			productName = AFKitDemo;
			productReference = 5742F2911DD21CCF006583E0 /* AFKitDemo.app */;
			productType = "com.apple.product-type.application";
		};
		5742F2A91DD21CCF006583E0 /* AFKitDemoTests */ = {
			isa = PBXNativeTarget;
			buildConfigurationList = 5742F2C11DD21CCF006583E0 /* Build configuration list for PBXNativeTarget "AFKitDemoTests" */;
			buildPhases = (
				5742F2A61DD21CCF006583E0 /* Sources */,
				5742F2A71DD21CCF006583E0 /* Frameworks */,
				5742F2A81DD21CCF006583E0 /* Resources */,
			);
			buildRules = (
			);
			dependencies = (
				5742F2AC1DD21CCF006583E0 /* PBXTargetDependency */,
			);
			name = AFKitDemoTests;
			productName = AFKitDemoTests;
			productReference = 5742F2AA1DD21CCF006583E0 /* AFKitDemoTests.xctest */;
			productType = "com.apple.product-type.bundle.unit-test";
		};
		5742F2B41DD21CCF006583E0 /* AFKitDemoUITests */ = {
			isa = PBXNativeTarget;
			buildConfigurationList = 5742F2C41DD21CCF006583E0 /* Build configuration list for PBXNativeTarget "AFKitDemoUITests" */;
			buildPhases = (
				5742F2B11DD21CCF006583E0 /* Sources */,
				5742F2B21DD21CCF006583E0 /* Frameworks */,
				5742F2B31DD21CCF006583E0 /* Resources */,
			);
			buildRules = (
			);
			dependencies = (
				5742F2B71DD21CCF006583E0 /* PBXTargetDependency */,
			);
			name = AFKitDemoUITests;
			productName = AFKitDemoUITests;
			productReference = 5742F2B51DD21CCF006583E0 /* AFKitDemoUITests.xctest */;
			productType = "com.apple.product-type.bundle.ui-testing";
		};
/* End PBXNativeTarget section */

/* Begin PBXProject section */
		5742F2891DD21CCF006583E0 /* Project object */ = {
			isa = PBXProject;
			attributes = {
				LastUpgradeCheck = 0800;
				ORGANIZATIONNAME = AF;
				TargetAttributes = {
					5742F2901DD21CCF006583E0 = {
						CreatedOnToolsVersion = 8.0;
						ProvisioningStyle = Automatic;
					};
					5742F2A91DD21CCF006583E0 = {
						CreatedOnToolsVersion = 8.0;
						ProvisioningStyle = Automatic;
						TestTargetID = 5742F2901DD21CCF006583E0;
					};
					5742F2B41DD21CCF006583E0 = {
						CreatedOnToolsVersion = 8.0;
						ProvisioningStyle = Automatic;
						TestTargetID = 5742F2901DD21CCF006583E0;
					};
				};
			};
			buildConfigurationList = 5742F28C1DD21CCF006583E0 /* Build configuration list for PBXProject "AFKitDemo" */;
			compatibilityVersion = "Xcode 3.2";
			developmentRegion = English;
			hasScannedForEncodings = 0;
			knownRegions = (
				en,
				Base,
			);
			mainGroup = 5742F2881DD21CCF006583E0;
			productRefGroup = 5742F2921DD21CCF006583E0 /* Products */;
			projectDirPath = "";
			projectRoot = "";
			targets = (
				5742F2901DD21CCF006583E0 /* AFKitDemo */,
				5742F2A91DD21CCF006583E0 /* AFKitDemoTests */,
				5742F2B41DD21CCF006583E0 /* AFKitDemoUITests */,
			);
		};
/* End PBXProject section */

/* Begin PBXResourcesBuildPhase section */
		5742F28F1DD21CCF006583E0 /* Resources */ = {
			isa = PBXResourcesBuildPhase;
			buildActionMask = 2147483647;
			files = (
				5742F2A41DD21CCF006583E0 /* LaunchScreen.storyboard in Resources */,
				5742F2A11DD21CCF006583E0 /* Assets.xcassets in Resources */,
				5742F29F1DD21CCF006583E0 /* Main.storyboard in Resources */,
			);
			runOnlyForDeploymentPostprocessing = 0;
		};
		5742F2A81DD21CCF006583E0 /* Resources */ = {
			isa = PBXResourcesBuildPhase;
			buildActionMask = 2147483647;
			files = (
			);
			runOnlyForDeploymentPostprocessing = 0;
		};
		5742F2B31DD21CCF006583E0 /* Resources */ = {
			isa = PBXResourcesBuildPhase;
			buildActionMask = 2147483647;
			files = (
			);
			runOnlyForDeploymentPostprocessing = 0;
		};
/* End PBXResourcesBuildPhase section */

/* Begin PBXSourcesBuildPhase section */
		5742F28D1DD21CCF006583E0 /* Sources */ = {
			isa = PBXSourcesBuildPhase;
			buildActionMask = 2147483647;
			files = (
				46E286BE1DD326C200494188 /* UIView+AFAdd.m in Sources */,
				5742F29C1DD21CCF006583E0 /* ViewController.m in Sources */,
				46E286B21DD31B9500494188 /* NSString+Input.m in Sources */,
				46E286B51DD3265C00494188 /* UIColor+AFAdd.m in Sources */,
				46E286CA1DD3272B00494188 /* UIScreen+AFAdd.m in Sources */,
				46E286C71DD3271500494188 /* UITextField+AFAdd.m in Sources */,
				46E286D91DD327A700494188 /* UIGestureRecognizer+AFAdd.m in Sources */,
				5742F2991DD21CCF006583E0 /* AppDelegate.m in Sources */,
				46E2869A1DD313FC00494188 /* NSNumber+AFAdd.m in Sources */,
				46E286C11DD326DA00494188 /* UIScrollView+AFAdd.m in Sources */,
				46E286941DD3108600494188 /* NSString+AFAdd.m in Sources */,
				46E286CD1DD3274700494188 /* UIDevice+AFAdd.m in Sources */,
				46E286C41DD326EE00494188 /* UITableView+AFAdd.m in Sources */,
				46E286D61DD3278600494188 /* UIBezierPath+AFAdd.m in Sources */,
				46E286BB1DD3268600494188 /* UIControl+AFAdd.m in Sources */,
				46E2869D1DD3141600494188 /* NSObject+AFAdd.m in Sources */,
				46E286AC1DD3149500494188 /* NSNotificationCenter+AFAdd.m in Sources */,
				46E286A31DD3144500494188 /* NSArray+AFAdd.m in Sources */,
				46E286AF1DD314AA00494188 /* NSTimer+AFAdd.m in Sources */,
				46E286D31DD3277300494188 /* UIFont+AFAdd.m in Sources */,
				5742F2961DD21CCF006583E0 /* main.m in Sources */,
				46E286B81DD3267700494188 /* UIImage+AFAdd.m in Sources */,
				46E286A61DD3145C00494188 /* NSDictionary+AFAdd.m in Sources */,
				46E286A01DD3143100494188 /* NSData+AFAdd.m in Sources */,
				46E286A91DD3147200494188 /* NSDate+AFAdd.m in Sources */,
				46E286D01DD3275C00494188 /* UIApplication+AFAdd.m in Sources */,
			);
			runOnlyForDeploymentPostprocessing = 0;
		};
		5742F2A61DD21CCF006583E0 /* Sources */ = {
			isa = PBXSourcesBuildPhase;
			buildActionMask = 2147483647;
			files = (
				5742F2AF1DD21CCF006583E0 /* AFKitDemoTests.m in Sources */,
			);
			runOnlyForDeploymentPostprocessing = 0;
		};
		5742F2B11DD21CCF006583E0 /* Sources */ = {
			isa = PBXSourcesBuildPhase;
			buildActionMask = 2147483647;
			files = (
				5742F2BA1DD21CCF006583E0 /* AFKitDemoUITests.m in Sources */,
			);
			runOnlyForDeploymentPostprocessing = 0;
		};
/* End PBXSourcesBuildPhase section */

/* Begin PBXTargetDependency section */
		5742F2AC1DD21CCF006583E0 /* PBXTargetDependency */ = {
			isa = PBXTargetDependency;
			target = 5742F2901DD21CCF006583E0 /* AFKitDemo */;
			targetProxy = 5742F2AB1DD21CCF006583E0 /* PBXContainerItemProxy */;
		};
		5742F2B71DD21CCF006583E0 /* PBXTargetDependency */ = {
			isa = PBXTargetDependency;
			target = 5742F2901DD21CCF006583E0 /* AFKitDemo */;
			targetProxy = 5742F2B61DD21CCF006583E0 /* PBXContainerItemProxy */;
		};
/* End PBXTargetDependency section */

/* Begin PBXVariantGroup section */
		5742F29D1DD21CCF006583E0 /* Main.storyboard */ = {
			isa = PBXVariantGroup;
			children = (
				5742F29E1DD21CCF006583E0 /* Base */,
			);
			name = Main.storyboard;
			sourceTree = "<group>";
		};
		5742F2A21DD21CCF006583E0 /* LaunchScreen.storyboard */ = {
			isa = PBXVariantGroup;
			children = (
				5742F2A31DD21CCF006583E0 /* Base */,
			);
			name = LaunchScreen.storyboard;
			sourceTree = "<group>";
		};
/* End PBXVariantGroup section */

/* Begin XCBuildConfiguration section */
		5742F2BC1DD21CCF006583E0 /* Debug */ = {
			isa = XCBuildConfiguration;
			buildSettings = {
				ALWAYS_SEARCH_USER_PATHS = NO;
				CLANG_ANALYZER_NONNULL = YES;
				CLANG_CXX_LANGUAGE_STANDARD = "gnu++0x";
				CLANG_CXX_LIBRARY = "libc++";
				CLANG_ENABLE_MODULES = YES;
				CLANG_ENABLE_OBJC_ARC = YES;
				CLANG_WARN_BOOL_CONVERSION = YES;
				CLANG_WARN_CONSTANT_CONVERSION = YES;
				CLANG_WARN_DIRECT_OBJC_ISA_USAGE = YES_ERROR;
				CLANG_WARN_DOCUMENTATION_COMMENTS = YES;
				CLANG_WARN_EMPTY_BODY = YES;
				CLANG_WARN_ENUM_CONVERSION = YES;
				CLANG_WARN_INFINITE_RECURSION = YES;
				CLANG_WARN_INT_CONVERSION = YES;
				CLANG_WARN_OBJC_ROOT_CLASS = YES_ERROR;
				CLANG_WARN_SUSPICIOUS_MOVES = YES;
				CLANG_WARN_UNREACHABLE_CODE = YES;
				CLANG_WARN__DUPLICATE_METHOD_MATCH = YES;
				"CODE_SIGN_IDENTITY[sdk=iphoneos*]" = "iPhone Developer";
				COPY_PHASE_STRIP = NO;
				DEBUG_INFORMATION_FORMAT = dwarf;
				ENABLE_STRICT_OBJC_MSGSEND = YES;
				ENABLE_TESTABILITY = YES;
				GCC_C_LANGUAGE_STANDARD = gnu99;
				GCC_DYNAMIC_NO_PIC = NO;
				GCC_NO_COMMON_BLOCKS = YES;
				GCC_OPTIMIZATION_LEVEL = 0;
				GCC_PREPROCESSOR_DEFINITIONS = (
					"DEBUG=1",
					"$(inherited)",
				);
				GCC_WARN_64_TO_32_BIT_CONVERSION = YES;
				GCC_WARN_ABOUT_RETURN_TYPE = YES_ERROR;
				GCC_WARN_UNDECLARED_SELECTOR = YES;
				GCC_WARN_UNINITIALIZED_AUTOS = YES_AGGRESSIVE;
				GCC_WARN_UNUSED_FUNCTION = YES;
				GCC_WARN_UNUSED_VARIABLE = YES;
				IPHONEOS_DEPLOYMENT_TARGET = 10.0;
				MTL_ENABLE_DEBUG_INFO = YES;
				ONLY_ACTIVE_ARCH = YES;
				SDKROOT = iphoneos;
				TARGETED_DEVICE_FAMILY = "1,2";
			};
			name = Debug;
		};
		5742F2BD1DD21CCF006583E0 /* Release */ = {
			isa = XCBuildConfiguration;
			buildSettings = {
				ALWAYS_SEARCH_USER_PATHS = NO;
				CLANG_ANALYZER_NONNULL = YES;
				CLANG_CXX_LANGUAGE_STANDARD = "gnu++0x";
				CLANG_CXX_LIBRARY = "libc++";
				CLANG_ENABLE_MODULES = YES;
				CLANG_ENABLE_OBJC_ARC = YES;
				CLANG_WARN_BOOL_CONVERSION = YES;
				CLANG_WARN_CONSTANT_CONVERSION = YES;
				CLANG_WARN_DIRECT_OBJC_ISA_USAGE = YES_ERROR;
				CLANG_WARN_DOCUMENTATION_COMMENTS = YES;
				CLANG_WARN_EMPTY_BODY = YES;
				CLANG_WARN_ENUM_CONVERSION = YES;
				CLANG_WARN_INFINITE_RECURSION = YES;
				CLANG_WARN_INT_CONVERSION = YES;
				CLANG_WARN_OBJC_ROOT_CLASS = YES_ERROR;
				CLANG_WARN_SUSPICIOUS_MOVES = YES;
				CLANG_WARN_UNREACHABLE_CODE = YES;
				CLANG_WARN__DUPLICATE_METHOD_MATCH = YES;
				"CODE_SIGN_IDENTITY[sdk=iphoneos*]" = "iPhone Developer";
				COPY_PHASE_STRIP = NO;
				DEBUG_INFORMATION_FORMAT = "dwarf-with-dsym";
				ENABLE_NS_ASSERTIONS = NO;
				ENABLE_STRICT_OBJC_MSGSEND = YES;
				GCC_C_LANGUAGE_STANDARD = gnu99;
				GCC_NO_COMMON_BLOCKS = YES;
				GCC_WARN_64_TO_32_BIT_CONVERSION = YES;
				GCC_WARN_ABOUT_RETURN_TYPE = YES_ERROR;
				GCC_WARN_UNDECLARED_SELECTOR = YES;
				GCC_WARN_UNINITIALIZED_AUTOS = YES_AGGRESSIVE;
				GCC_WARN_UNUSED_FUNCTION = YES;
				GCC_WARN_UNUSED_VARIABLE = YES;
				IPHONEOS_DEPLOYMENT_TARGET = 10.0;
				MTL_ENABLE_DEBUG_INFO = NO;
				SDKROOT = iphoneos;
				TARGETED_DEVICE_FAMILY = "1,2";
				VALIDATE_PRODUCT = YES;
			};
			name = Release;
		};
		5742F2BF1DD21CCF006583E0 /* Debug */ = {
			isa = XCBuildConfiguration;
			buildSettings = {
				ASSETCATALOG_COMPILER_APPICON_NAME = AppIcon;
				INFOPLIST_FILE = AFKitDemo/Info.plist;
				LD_RUNPATH_SEARCH_PATHS = "$(inherited) @executable_path/Frameworks";
				PRODUCT_BUNDLE_IDENTIFIER = AlwaysYang.AFKitDemo;
				PRODUCT_NAME = "$(TARGET_NAME)";
			};
			name = Debug;
		};
		5742F2C01DD21CCF006583E0 /* Release */ = {
			isa = XCBuildConfiguration;
			buildSettings = {
				ASSETCATALOG_COMPILER_APPICON_NAME = AppIcon;
				INFOPLIST_FILE = AFKitDemo/Info.plist;
				LD_RUNPATH_SEARCH_PATHS = "$(inherited) @executable_path/Frameworks";
				PRODUCT_BUNDLE_IDENTIFIER = AlwaysYang.AFKitDemo;
				PRODUCT_NAME = "$(TARGET_NAME)";
			};
			name = Release;
		};
		5742F2C21DD21CCF006583E0 /* Debug */ = {
			isa = XCBuildConfiguration;
			buildSettings = {
				BUNDLE_LOADER = "$(TEST_HOST)";
				INFOPLIST_FILE = AFKitDemoTests/Info.plist;
				LD_RUNPATH_SEARCH_PATHS = "$(inherited) @executable_path/Frameworks @loader_path/Frameworks";
				PRODUCT_BUNDLE_IDENTIFIER = AlwaysYang.AFKitDemoTests;
				PRODUCT_NAME = "$(TARGET_NAME)";
				TEST_HOST = "$(BUILT_PRODUCTS_DIR)/AFKitDemo.app/AFKitDemo";
			};
			name = Debug;
		};
		5742F2C31DD21CCF006583E0 /* Release */ = {
			isa = XCBuildConfiguration;
			buildSettings = {
				BUNDLE_LOADER = "$(TEST_HOST)";
				INFOPLIST_FILE = AFKitDemoTests/Info.plist;
				LD_RUNPATH_SEARCH_PATHS = "$(inherited) @executable_path/Frameworks @loader_path/Frameworks";
				PRODUCT_BUNDLE_IDENTIFIER = AlwaysYang.AFKitDemoTests;
				PRODUCT_NAME = "$(TARGET_NAME)";
				TEST_HOST = "$(BUILT_PRODUCTS_DIR)/AFKitDemo.app/AFKitDemo";
			};
			name = Release;
		};
		5742F2C51DD21CCF006583E0 /* Debug */ = {
			isa = XCBuildConfiguration;
			buildSettings = {
				INFOPLIST_FILE = AFKitDemoUITests/Info.plist;
				LD_RUNPATH_SEARCH_PATHS = "$(inherited) @executable_path/Frameworks @loader_path/Frameworks";
				PRODUCT_BUNDLE_IDENTIFIER = AlwaysYang.AFKitDemoUITests;
				PRODUCT_NAME = "$(TARGET_NAME)";
				TEST_TARGET_NAME = AFKitDemo;
			};
			name = Debug;
		};
		5742F2C61DD21CCF006583E0 /* Release */ = {
			isa = XCBuildConfiguration;
			buildSettings = {
				INFOPLIST_FILE = AFKitDemoUITests/Info.plist;
				LD_RUNPATH_SEARCH_PATHS = "$(inherited) @executable_path/Frameworks @loader_path/Frameworks";
				PRODUCT_BUNDLE_IDENTIFIER = AlwaysYang.AFKitDemoUITests;
				PRODUCT_NAME = "$(TARGET_NAME)";
				TEST_TARGET_NAME = AFKitDemo;
			};
			name = Release;
		};
/* End XCBuildConfiguration section */

/* Begin XCConfigurationList section */
		5742F28C1DD21CCF006583E0 /* Build configuration list for PBXProject "AFKitDemo" */ = {
			isa = XCConfigurationList;
			buildConfigurations = (
				5742F2BC1DD21CCF006583E0 /* Debug */,
				5742F2BD1DD21CCF006583E0 /* Release */,
			);
			defaultConfigurationIsVisible = 0;
			defaultConfigurationName = Release;
		};
		5742F2BE1DD21CCF006583E0 /* Build configuration list for PBXNativeTarget "AFKitDemo" */ = {
			isa = XCConfigurationList;
			buildConfigurations = (
				5742F2BF1DD21CCF006583E0 /* Debug */,
				5742F2C01DD21CCF006583E0 /* Release */,
			);
			defaultConfigurationIsVisible = 0;
			defaultConfigurationName = Release;
		};
		5742F2C11DD21CCF006583E0 /* Build configuration list for PBXNativeTarget "AFKitDemoTests" */ = {
			isa = XCConfigurationList;
			buildConfigurations = (
				5742F2C21DD21CCF006583E0 /* Debug */,
				5742F2C31DD21CCF006583E0 /* Release */,
			);
			defaultConfigurationIsVisible = 0;
			defaultConfigurationName = Release;
		};
		5742F2C41DD21CCF006583E0 /* Build configuration list for PBXNativeTarget "AFKitDemoUITests" */ = {
			isa = XCConfigurationList;
			buildConfigurations = (
				5742F2C51DD21CCF006583E0 /* Debug */,
				5742F2C61DD21CCF006583E0 /* Release */,
			);
			defaultConfigurationIsVisible = 0;
			defaultConfigurationName = Release;
		};
/* End XCConfigurationList section */
	};
	rootObject = 5742F2891DD21CCF006583E0 /* Project object */;
}
